
Microsoft Visual Studio Solution File, Format Version 11.00
# Visual Studio 2010
Project("{FAE04EC0-301F-11D3-BF4B-00C04F79EFBC}") = "PassThru", "passthru\PassThru.csproj", "{79600DBD-517F-4EEA-9C47-7AAF5D0BC862}"
EndProject
Project("{FAE04EC0-301F-11D3-BF4B-00C04F79EFBC}") = "FirewallModule", "FirewallModule\FirewallModule.csproj", "{EFB8E62C-9C88-42A5-B4A6-BC8634DBE318}"
EndProject
Global
	GlobalSection(SolutionConfigurationPlatforms) = preSolution
		Debug|Any CPU = Debug|Any CPU
		Debug|Mixed Platforms = Debug|Mixed Platforms
		Debug|Win32 = Debug|Win32
		Debug|x86 = Debug|x86
		Release|Any CPU = Release|Any CPU
		Release|Mixed Platforms = Release|Mixed Platforms
		Release|Win32 = Release|Win32
		Release|x86 = Release|x86
	EndGlobalSection
	GlobalSection(ProjectConfigurationPlatforms) = postSolution
		{79600DBD-517F-4EEA-9C47-7AAF5D0BC862}.Debug|Any CPU.ActiveCfg = Debug|Any CPU
		{79600DBD-517F-4EEA-9C47-7AAF5D0BC862}.Debug|Any CPU.Build.0 = Debug|Any CPU
		{79600DBD-517F-4EEA-9C47-7AAF5D0BC862}.Debug|Mixed Platforms.ActiveCfg = Debug|Any CPU
		{79600DBD-517F-4EEA-9C47-7AAF5D0BC862}.Debug|Mixed Platforms.Build.0 = Debug|Any CPU
		{79600DBD-517F-4EEA-9C47-7AAF5D0BC862}.Debug|Win32.ActiveCfg = Debug|Any CPU
		{79600DBD-517F-4EEA-9C47-7AAF5D0BC862}.Debug|x86.ActiveCfg = Debug|Any CPU
		{79600DBD-517F-4EEA-9C47-7AAF5D0BC862}.Release|Any CPU.ActiveCfg = Release|Any CPU
		{79600DBD-517F-4EEA-9C47-7AAF5D0BC862}.Release|Any CPU.Build.0 = Release|Any CPU
		{79600DBD-517F-4EEA-9C47-7AAF5D0BC862}.Release|Mixed Platforms.ActiveCfg = Release|Any CPU
		{79600DBD-517F-4EEA-9C47-7AAF5D0BC862}.Release|Mixed Platforms.Build.0 = Release|Any CPU
		{79600DBD-517F-4EEA-9C47-7AAF5D0BC862}.Release|Win32.ActiveCfg = Release|Any CPU
		{79600DBD-517F-4EEA-9C47-7AAF5D0BC862}.Release|x86.ActiveCfg = Release|Any CPU
		{EFB8E62C-9C88-42A5-B4A6-BC8634DBE318}.Debug|Any CPU.ActiveCfg = Debug|Any CPU
		{EFB8E62C-9C88-42A5-B4A6-BC8634DBE318}.Debug|Any CPU.Build.0 = Debug|Any CPU
		{EFB8E62C-9C88-42A5-B4A6-BC8634DBE318}.Debug|Mixed Platforms.ActiveCfg = Debug|Any CPU
		{EFB8E62C-9C88-42A5-B4A6-BC8634DBE318}.Debug|Mixed Platforms.Build.0 = Debug|Any CPU
		{EFB8E62C-9C88-42A5-B4A6-BC8634DBE318}.Debug|Win32.ActiveCfg = Debug|Any CPU
		{EFB8E62C-9C88-42A5-B4A6-BC8634DBE318}.Debug|x86.ActiveCfg = Debug|Any CPU
		{EFB8E62C-9C88-42A5-B4A6-BC8634DBE318}.Release|Any CPU.ActiveCfg = Release|Any CPU
		{EFB8E62C-9C88-42A5-B4A6-BC8634DBE318}.Release|Any CPU.Build.0 = Release|Any CPU
		{EFB8E62C-9C88-42A5-B4A6-BC8634DBE318}.Release|Mixed Platforms.ActiveCfg = Release|Any CPU
		{EFB8E62C-9C88-42A5-B4A6-BC8634DBE318}.Release|Mixed Platforms.Build.0 = Release|Any CPU
		{EFB8E62C-9C88-42A5-B4A6-BC8634DBE318}.Release|Win32.ActiveCfg = Release|Any CPU
		{EFB8E62C-9C88-42A5-B4A6-BC8634DBE318}.Release|x86.ActiveCfg = Release|Any CPU
	EndGlobalSection
	GlobalSection(SolutionProperties) = preSolution
		HideSolutionNode = FALSE
	EndGlobalSection
EndGlobal
