
Microsoft Visual Studio Solution File, Format Version 11.00
# Visual Studio 2010
Project("{FAE04EC0-301F-11D3-BF4B-00C04F79EFBC}") = "SaveFlashVideo", "SaveFlashVideo.csproj", "{917941B4-8512-42A0-86B4-B44AF8D6125B}"
EndProject
Global
	GlobalSection(SolutionConfigurationPlatforms) = preSolution
		Debug|Any CPU = Debug|Any CPU
		Release|Any CPU = Release|Any CPU
	EndGlobalSection
	GlobalSection(ProjectConfigurationPlatforms) = postSolution
		{917941B4-8512-42A0-86B4-B44AF8D6125B}.Debug|Any CPU.ActiveCfg = Debug|Any CPU
		{917941B4-8512-42A0-86B4-B44AF8D6125B}.Debug|Any CPU.Build.0 = Debug|Any CPU
		{917941B4-8512-42A0-86B4-B44AF8D6125B}.Release|Any CPU.ActiveCfg = Release|Any CPU
		{917941B4-8512-42A0-86B4-B44AF8D6125B}.Release|Any CPU.Build.0 = Release|Any CPU
	EndGlobalSection
	GlobalSection(SolutionProperties) = preSolution
		HideSolutionNode = FALSE
	EndGlobalSection
EndGlobal
